// !$*UTF8*$!
{
	archiveVersion = 1;
	classes = {
	};
	objectVersion = 46;
	objects = {

/* Begin PBXBuildFile section */
		1811CD7719D37C0B00251984 /* main.m in Sources */ = {isa = PBXBuildFile; fileRef = 1811CD7619D37C0B00251984 /* main.m */; };
		1811CD7A19D37C0B00251984 /* AppDelegate.m in Sources */ = {isa = PBXBuildFile; fileRef = 1811CD7919D37C0B00251984 /* AppDelegate.m */; };
		1811CD7D19D37C0B00251984 /* ViewController.m in Sources */ = {isa = PBXBuildFile; fileRef = 1811CD7C19D37C0B00251984 /* ViewController.m */; };
		1811CD8019D37C0B00251984 /* Main.storyboard in Resources */ = {isa = PBXBuildFile; fileRef = 1811CD7E19D37C0B00251984 /* Main.storyboard */; };
		1811CD8219D37C0B00251984 /* Images.xcassets in Resources */ = {isa = PBXBuildFile; fileRef = 1811CD8119D37C0B00251984 /* Images.xcassets */; };
		1811CD8519D37C0B00251984 /* LaunchScreen.xib in Resources */ = {isa = PBXBuildFile; fileRef = 1811CD8319D37C0B00251984 /* LaunchScreen.xib */; };
		1811CD9119D37C0B00251984 /* MyShakeDemo0924Tests.m in Sources */ = {isa = PBXBuildFile; fileRef = 1811CD9019D37C0B00251984 /* MyShakeDemo0924Tests.m */; };
		1811CD9C19D37C2E00251984 /* CamaraView.m in Sources */ = {isa = PBXBuildFile; fileRef = 1811CD9B19D37C2E00251984 /* CamaraView.m */; };
		1811CD9E19D37D0500251984 /* AVFoundation.framework in Frameworks */ = {isa = PBXBuildFile; fileRef = 1811CD9D19D37D0500251984 /* AVFoundation.framework */; };
		1811CDA019D37D1300251984 /* QuartzCore.framework in Frameworks */ = {isa = PBXBuildFile; fileRef = 1811CD9F19D37D1300251984 /* QuartzCore.framework */; };
		1811CDA219D37D3700251984 /* UIKit.framework in Frameworks */ = {isa = PBXBuildFile; fileRef = 1811CDA119D37D3700251984 /* UIKit.framework */; };
		1811CDA419D37D4300251984 /* CoreGraphics.framework in Frameworks */ = {isa = PBXBuildFile; fileRef = 1811CDA319D37D4300251984 /* CoreGraphics.framework */; };
		1850E80E19EF32A800DC51E4 /* MapViewController.m in Sources */ = {isa = PBXBuildFile; fileRef = 1850E80D19EF32A800DC51E4 /* MapViewController.m */; };
		1850E81019EF339200DC51E4 /* MapKit.framework in Frameworks */ = {isa = PBXBuildFile; fileRef = 1850E80F19EF339200DC51E4 /* MapKit.framework */; };
		1873EF1619D5C6D100815AC2 /* CFMagicEvents.m in Sources */ = {isa = PBXBuildFile; fileRef = 1873EF1519D5C6D100815AC2 /* CFMagicEvents.m */; };
/* End PBXBuildFile section */

/* Begin PBXContainerItemProxy section */
		1811CD8B19D37C0B00251984 /* PBXContainerItemProxy */ = {
			isa = PBXContainerItemProxy;
			containerPortal = 1811CD6919D37C0B00251984 /* Project object */;
			proxyType = 1;
			remoteGlobalIDString = 1811CD7019D37C0B00251984;
			remoteInfo = MyShakeDemo0924;
		};
/* End PBXContainerItemProxy section */

/* Begin PBXFileReference section */
		1811CD7119D37C0B00251984 /* MeSeeGe.app */ = {isa = PBXFileReference; explicitFileType = wrapper.application; includeInIndex = 0; path = MeSeeGe.app; sourceTree = BUILT_PRODUCTS_DIR; };
		1811CD7519D37C0B00251984 /* Info.plist */ = {isa = PBXFileReference; lastKnownFileType = text.plist.xml; path = Info.plist; sourceTree = "<group>"; };
		1811CD7619D37C0B00251984 /* main.m */ = {isa = PBXFileReference; lastKnownFileType = sourcecode.c.objc; path = main.m; sourceTree = "<group>"; };
		1811CD7819D37C0B00251984 /* AppDelegate.h */ = {isa = PBXFileReference; lastKnownFileType = sourcecode.c.h; path = AppDelegate.h; sourceTree = "<group>"; };
		1811CD7919D37C0B00251984 /* AppDelegate.m */ = {isa = PBXFileReference; lastKnownFileType = sourcecode.c.objc; path = AppDelegate.m; sourceTree = "<group>"; };
		1811CD7B19D37C0B00251984 /* ViewController.h */ = {isa = PBXFileReference; lastKnownFileType = sourcecode.c.h; path = ViewController.h; sourceTree = "<group>"; };
		1811CD7C19D37C0B00251984 /* ViewController.m */ = {isa = PBXFileReference; lastKnownFileType = sourcecode.c.objc; path = ViewController.m; sourceTree = "<group>"; };
		1811CD7F19D37C0B00251984 /* Base */ = {isa = PBXFileReference; lastKnownFileType = file.storyboard; name = Base; path = Base.lproj/Main.storyboard; sourceTree = "<group>"; };
		1811CD8119D37C0B00251984 /* Images.xcassets */ = {isa = PBXFileReference; lastKnownFileType = folder.assetcatalog; path = Images.xcassets; sourceTree = "<group>"; };
		1811CD8419D37C0B00251984 /* Base */ = {isa = PBXFileReference; lastKnownFileType = file.xib; name = Base; path = Base.lproj/LaunchScreen.xib; sourceTree = "<group>"; };
		1811CD8A19D37C0B00251984 /* MyShakeDemo0924Tests.xctest */ = {isa = PBXFileReference; explicitFileType = wrapper.cfbundle; includeInIndex = 0; path = MyShakeDemo0924Tests.xctest; sourceTree = BUILT_PRODUCTS_DIR; };
		1811CD8F19D37C0B00251984 /* Info.plist */ = {isa = PBXFileReference; lastKnownFileType = text.plist.xml; path = Info.plist; sourceTree = "<group>"; };
		1811CD9019D37C0B00251984 /* MyShakeDemo0924Tests.m */ = {isa = PBXFileReference; lastKnownFileType = sourcecode.c.objc; path = MyShakeDemo0924Tests.m; sourceTree = "<group>"; };
		1811CD9A19D37C2E00251984 /* CamaraView.h */ = {isa = PBXFileReference; fileEncoding = 4; lastKnownFileType = sourcecode.c.h; path = CamaraView.h; sourceTree = "<group>"; };
		1811CD9B19D37C2E00251984 /* CamaraView.m */ = {isa = PBXFileReference; fileEncoding = 4; lastKnownFileType = sourcecode.c.objc; path = CamaraView.m; sourceTree = "<group>"; };
		1811CD9D19D37D0500251984 /* AVFoundation.framework */ = {isa = PBXFileReference; lastKnownFileType = wrapper.framework; name = AVFoundation.framework; path = System/Library/Frameworks/AVFoundation.framework; sourceTree = SDKROOT; };
		1811CD9F19D37D1300251984 /* QuartzCore.framework */ = {isa = PBXFileReference; lastKnownFileType = wrapper.framework; name = QuartzCore.framework; path = System/Library/Frameworks/QuartzCore.framework; sourceTree = SDKROOT; };
		1811CDA119D37D3700251984 /* UIKit.framework */ = {isa = PBXFileReference; lastKnownFileType = wrapper.framework; name = UIKit.framework; path = System/Library/Frameworks/UIKit.framework; sourceTree = SDKROOT; };
		1811CDA319D37D4300251984 /* CoreGraphics.framework */ = {isa = PBXFileReference; lastKnownFileType = wrapper.framework; name = CoreGraphics.framework; path = System/Library/Frameworks/CoreGraphics.framework; sourceTree = SDKROOT; };
		1850E80C19EF32A800DC51E4 /* MapViewController.h */ = {isa = PBXFileReference; fileEncoding = 4; lastKnownFileType = sourcecode.c.h; path = MapViewController.h; sourceTree = "<group>"; };
		1850E80D19EF32A800DC51E4 /* MapViewController.m */ = {isa = PBXFileReference; fileEncoding = 4; lastKnownFileType = sourcecode.c.objc; path = MapViewController.m; sourceTree = "<group>"; };
		1850E80F19EF339200DC51E4 /* MapKit.framework */ = {isa = PBXFileReference; lastKnownFileType = wrapper.framework; name = MapKit.framework; path = System/Library/Frameworks/MapKit.framework; sourceTree = SDKROOT; };
		1873EF1419D5C6D100815AC2 /* CFMagicEvents.h */ = {isa = PBXFileReference; fileEncoding = 4; lastKnownFileType = sourcecode.c.h; path = CFMagicEvents.h; sourceTree = "<group>"; };
		1873EF1519D5C6D100815AC2 /* CFMagicEvents.m */ = {isa = PBXFileReference; fileEncoding = 4; lastKnownFileType = sourcecode.c.objc; path = CFMagicEvents.m; sourceTree = "<group>"; };
/* End PBXFileReference section */

/* Begin PBXFrameworksBuildPhase section */
		1811CD6E19D37C0B00251984 /* Frameworks */ = {
			isa = PBXFrameworksBuildPhase;
			buildActionMask = 2147483647;
			files = (
				1850E81019EF339200DC51E4 /* MapKit.framework in Frameworks */,
				1811CDA419D37D4300251984 /* CoreGraphics.framework in Frameworks */,
				1811CDA219D37D3700251984 /* UIKit.framework in Frameworks */,
				1811CDA019D37D1300251984 /* QuartzCore.framework in Frameworks */,
				1811CD9E19D37D0500251984 /* AVFoundation.framework in Frameworks */,
			);
			runOnlyForDeploymentPostprocessing = 0;
		};
		1811CD8719D37C0B00251984 /* Frameworks */ = {
			isa = PBXFrameworksBuildPhase;
			buildActionMask = 2147483647;
			files = (
			);
			runOnlyForDeploymentPostprocessing = 0;
		};
/* End PBXFrameworksBuildPhase section */

/* Begin PBXGroup section */
		1811CD6819D37C0B00251984 = {
			isa = PBXGroup;
			children = (
				1850E80F19EF339200DC51E4 /* MapKit.framework */,
				1811CD7319D37C0B00251984 /* MyShakeDemo0924 */,
				1811CD8D19D37C0B00251984 /* MyShakeDemo0924Tests */,
				1811CD7219D37C0B00251984 /* Products */,
			);
			sourceTree = "<group>";
		};
		1811CD7219D37C0B00251984 /* Products */ = {
			isa = PBXGroup;
			children = (
				1811CD7119D37C0B00251984 /* MeSeeGe.app */,
				1811CD8A19D37C0B00251984 /* MyShakeDemo0924Tests.xctest */,
			);
			name = Products;
			sourceTree = "<group>";
		};
		1811CD7319D37C0B00251984 /* MyShakeDemo0924 */ = {
			isa = PBXGroup;
			children = (
				1873EF1319D5C6D100815AC2 /* CFMagicEvents */,
				1811CD7819D37C0B00251984 /* AppDelegate.h */,
				1811CD7919D37C0B00251984 /* AppDelegate.m */,
				1811CD7B19D37C0B00251984 /* ViewController.h */,
				1811CD7C19D37C0B00251984 /* ViewController.m */,
				1850E80C19EF32A800DC51E4 /* MapViewController.h */,
				1850E80D19EF32A800DC51E4 /* MapViewController.m */,
				1811CD9A19D37C2E00251984 /* CamaraView.h */,
				1811CD9B19D37C2E00251984 /* CamaraView.m */,
				1811CD7E19D37C0B00251984 /* Main.storyboard */,
				1811CD8119D37C0B00251984 /* Images.xcassets */,
				1811CD8319D37C0B00251984 /* LaunchScreen.xib */,
				1811CD7419D37C0B00251984 /* Supporting Files */,
			);
			path = MyShakeDemo0924;
			sourceTree = "<group>";
		};
		1811CD7419D37C0B00251984 /* Supporting Files */ = {
			isa = PBXGroup;
			children = (
				1811CD7519D37C0B00251984 /* Info.plist */,
				1811CD7619D37C0B00251984 /* main.m */,
			);
			name = "Supporting Files";
			sourceTree = "<group>";
		};
		1811CD8D19D37C0B00251984 /* MyShakeDemo0924Tests */ = {
			isa = PBXGroup;
			children = (
				1811CD9019D37C0B00251984 /* MyShakeDemo0924Tests.m */,
				1811CD8E19D37C0B00251984 /* Supporting Files */,
			);
			path = MyShakeDemo0924Tests;
			sourceTree = "<group>";
		};
		1811CD8E19D37C0B00251984 /* Supporting Files */ = {
			isa = PBXGroup;
			children = (
				1811CDA319D37D4300251984 /* CoreGraphics.framework */,
				1811CDA119D37D3700251984 /* UIKit.framework */,
				1811CD9F19D37D1300251984 /* QuartzCore.framework */,
				1811CD9D19D37D0500251984 /* AVFoundation.framework */,
				1811CDA519D37D5200251984 /* Frameworks */,
				1811CD8F19D37C0B00251984 /* Info.plist */,
			);
			name = "Supporting Files";
			sourceTree = "<group>";
		};
		1811CDA519D37D5200251984 /* Frameworks */ = {
			isa = PBXGroup;
			children = (
			);
			name = Frameworks;
			sourceTree = "<group>";
		};
		1873EF1319D5C6D100815AC2 /* CFMagicEvents */ = {
			isa = PBXGroup;
			children = (
				1873EF1419D5C6D100815AC2 /* CFMagicEvents.h */,
				1873EF1519D5C6D100815AC2 /* CFMagicEvents.m */,
			);
			name = CFMagicEvents;
			path = "../../../../Desktop/GEEK/iOS Project/DownLoadReference/CFMagicEvents";
			sourceTree = "<group>";
		};
/* End PBXGroup section */

/* Begin PBXNativeTarget section */
		1811CD7019D37C0B00251984 /* MyShakeDemo0924 */ = {
			isa = PBXNativeTarget;
			buildConfigurationList = 1811CD9419D37C0B00251984 /* Build configuration list for PBXNativeTarget "MyShakeDemo0924" */;
			buildPhases = (
				1811CD6D19D37C0B00251984 /* Sources */,
				1811CD6E19D37C0B00251984 /* Frameworks */,
				1811CD6F19D37C0B00251984 /* Resources */,
			);
			buildRules = (
			);
			dependencies = (
			);
			name = MyShakeDemo0924;
			productName = MyShakeDemo0924;
			productReference = 1811CD7119D37C0B00251984 /* MeSeeGe.app */;
			productType = "com.apple.product-type.application";
		};
		1811CD8919D37C0B00251984 /* MyShakeDemo0924Tests */ = {
			isa = PBXNativeTarget;
			buildConfigurationList = 1811CD9719D37C0B00251984 /* Build configuration list for PBXNativeTarget "MyShakeDemo0924Tests" */;
			buildPhases = (
				1811CD8619D37C0B00251984 /* Sources */,
				1811CD8719D37C0B00251984 /* Frameworks */,
				1811CD8819D37C0B00251984 /* Resources */,
			);
			buildRules = (
			);
			dependencies = (
				1811CD8C19D37C0B00251984 /* PBXTargetDependency */,
			);
			name = MyShakeDemo0924Tests;
			productName = MyShakeDemo0924Tests;
			productReference = 1811CD8A19D37C0B00251984 /* MyShakeDemo0924Tests.xctest */;
			productType = "com.apple.product-type.bundle.unit-test";
		};
/* End PBXNativeTarget section */

/* Begin PBXProject section */
		1811CD6919D37C0B00251984 /* Project object */ = {
			isa = PBXProject;
			attributes = {
				LastUpgradeCheck = 0600;
				ORGANIZATIONNAME = UofT;
				TargetAttributes = {
					1811CD7019D37C0B00251984 = {
						CreatedOnToolsVersion = 6.0.1;
					};
					1811CD8919D37C0B00251984 = {
						CreatedOnToolsVersion = 6.0.1;
						TestTargetID = 1811CD7019D37C0B00251984;
					};
				};
			};
			buildConfigurationList = 1811CD6C19D37C0B00251984 /* Build configuration list for PBXProject "MeSeeGe" */;
			compatibilityVersion = "Xcode 3.2";
			developmentRegion = English;
			hasScannedForEncodings = 0;
			knownRegions = (
				en,
				Base,
			);
			mainGroup = 1811CD6819D37C0B00251984;
			productRefGroup = 1811CD7219D37C0B00251984 /* Products */;
			projectDirPath = "";
			projectRoot = "";
			targets = (
				1811CD7019D37C0B00251984 /* MyShakeDemo0924 */,
				1811CD8919D37C0B00251984 /* MyShakeDemo0924Tests */,
			);
		};
/* End PBXProject section */

/* Begin PBXResourcesBuildPhase section */
		1811CD6F19D37C0B00251984 /* Resources */ = {
			isa = PBXResourcesBuildPhase;
			buildActionMask = 2147483647;
			files = (
				1811CD8019D37C0B00251984 /* Main.storyboard in Resources */,
				1811CD8519D37C0B00251984 /* LaunchScreen.xib in Resources */,
				1811CD8219D37C0B00251984 /* Images.xcassets in Resources */,
			);
			runOnlyForDeploymentPostprocessing = 0;
		};
		1811CD8819D37C0B00251984 /* Resources */ = {
			isa = PBXResourcesBuildPhase;
			buildActionMask = 2147483647;
			files = (
			);
			runOnlyForDeploymentPostprocessing = 0;
		};
/* End PBXResourcesBuildPhase section */

/* Begin PBXSourcesBuildPhase section */
		1811CD6D19D37C0B00251984 /* Sources */ = {
			isa = PBXSourcesBuildPhase;
			buildActionMask = 2147483647;
			files = (
				1811CD7D19D37C0B00251984 /* ViewController.m in Sources */,
				1873EF1619D5C6D100815AC2 /* CFMagicEvents.m in Sources */,
				1811CD7A19D37C0B00251984 /* AppDelegate.m in Sources */,
				1850E80E19EF32A800DC51E4 /* MapViewController.m in Sources */,
				1811CD7719D37C0B00251984 /* main.m in Sources */,
				1811CD9C19D37C2E00251984 /* CamaraView.m in Sources */,
			);
			runOnlyForDeploymentPostprocessing = 0;
		};
		1811CD8619D37C0B00251984 /* Sources */ = {
			isa = PBXSourcesBuildPhase;
			buildActionMask = 2147483647;
			files = (
				1811CD9119D37C0B00251984 /* MyShakeDemo0924Tests.m in Sources */,
			);
			runOnlyForDeploymentPostprocessing = 0;
		};
/* End PBXSourcesBuildPhase section */

/* Begin PBXTargetDependency section */
		1811CD8C19D37C0B00251984 /* PBXTargetDependency */ = {
			isa = PBXTargetDependency;
			target = 1811CD7019D37C0B00251984 /* MyShakeDemo0924 */;
			targetProxy = 1811CD8B19D37C0B00251984 /* PBXContainerItemProxy */;
		};
/* End PBXTargetDependency section */

/* Begin PBXVariantGroup section */
		1811CD7E19D37C0B00251984 /* Main.storyboard */ = {
			isa = PBXVariantGroup;
			children = (
				1811CD7F19D37C0B00251984 /* Base */,
			);
			name = Main.storyboard;
			sourceTree = "<group>";
		};
		1811CD8319D37C0B00251984 /* LaunchScreen.xib */ = {
			isa = PBXVariantGroup;
			children = (
				1811CD8419D37C0B00251984 /* Base */,
			);
			name = LaunchScreen.xib;
			sourceTree = "<group>";
		};
/* End PBXVariantGroup section */

/* Begin XCBuildConfiguration section */
		1811CD9219D37C0B00251984 /* Debug */ = {
			isa = XCBuildConfiguration;
			buildSettings = {
				ALWAYS_SEARCH_USER_PATHS = NO;
				CLANG_CXX_LANGUAGE_STANDARD = "gnu++0x";
				CLANG_CXX_LIBRARY = "libc++";
				CLANG_ENABLE_MODULES = YES;
				CLANG_ENABLE_OBJC_ARC = YES;
				CLANG_WARN_BOOL_CONVERSION = YES;
				CLANG_WARN_CONSTANT_CONVERSION = YES;
				CLANG_WARN_DIRECT_OBJC_ISA_USAGE = YES_ERROR;
				CLANG_WARN_EMPTY_BODY = YES;
				CLANG_WARN_ENUM_CONVERSION = YES;
				CLANG_WARN_INT_CONVERSION = YES;
				CLANG_WARN_OBJC_ROOT_CLASS = YES_ERROR;
				CLANG_WARN_UNREACHABLE_CODE = YES;
				CLANG_WARN__DUPLICATE_METHOD_MATCH = YES;
				"CODE_SIGN_IDENTITY[sdk=iphoneos*]" = "iPhone Developer";
				COPY_PHASE_STRIP = NO;
				ENABLE_STRICT_OBJC_MSGSEND = YES;
				GCC_C_LANGUAGE_STANDARD = gnu99;
				GCC_DYNAMIC_NO_PIC = NO;
				GCC_OPTIMIZATION_LEVEL = 0;
				GCC_PREPROCESSOR_DEFINITIONS = (
					"DEBUG=1",
					"$(inherited)",
				);
				GCC_SYMBOLS_PRIVATE_EXTERN = NO;
				GCC_WARN_64_TO_32_BIT_CONVERSION = YES;
				GCC_WARN_ABOUT_RETURN_TYPE = YES_ERROR;
				GCC_WARN_UNDECLARED_SELECTOR = YES;
				GCC_WARN_UNINITIALIZED_AUTOS = YES_AGGRESSIVE;
				GCC_WARN_UNUSED_FUNCTION = YES;
				GCC_WARN_UNUSED_VARIABLE = YES;
				IPHONEOS_DEPLOYMENT_TARGET = 8.0;
				MTL_ENABLE_DEBUG_INFO = YES;
				ONLY_ACTIVE_ARCH = YES;
				SDKROOT = iphoneos;
			};
			name = Debug;
		};
		1811CD9319D37C0B00251984 /* Release */ = {
			isa = XCBuildConfiguration;
			buildSettings = {
				ALWAYS_SEARCH_USER_PATHS = NO;
				CLANG_CXX_LANGUAGE_STANDARD = "gnu++0x";
				CLANG_CXX_LIBRARY = "libc++";
				CLANG_ENABLE_MODULES = YES;
				CLANG_ENABLE_OBJC_ARC = YES;
				CLANG_WARN_BOOL_CONVERSION = YES;
				CLANG_WARN_CONSTANT_CONVERSION = YES;
				CLANG_WARN_DIRECT_OBJC_ISA_USAGE = YES_ERROR;
				CLANG_WARN_EMPTY_BODY = YES;
				CLANG_WARN_ENUM_CONVERSION = YES;
				CLANG_WARN_INT_CONVERSION = YES;
				CLANG_WARN_OBJC_ROOT_CLASS = YES_ERROR;
				CLANG_WARN_UNREACHABLE_CODE = YES;
				CLANG_WARN__DUPLICATE_METHOD_MATCH = YES;
				"CODE_SIGN_IDENTITY[sdk=iphoneos*]" = "iPhone Developer";
				COPY_PHASE_STRIP = YES;
				ENABLE_NS_ASSERTIONS = NO;
				ENABLE_STRICT_OBJC_MSGSEND = YES;
				GCC_C_LANGUAGE_STANDARD = gnu99;
				GCC_WARN_64_TO_32_BIT_CONVERSION = YES;
				GCC_WARN_ABOUT_RETURN_TYPE = YES_ERROR;
				GCC_WARN_UNDECLARED_SELECTOR = YES;
				GCC_WARN_UNINITIALIZED_AUTOS = YES_AGGRESSIVE;
				GCC_WARN_UNUSED_FUNCTION = YES;
				GCC_WARN_UNUSED_VARIABLE = YES;
				IPHONEOS_DEPLOYMENT_TARGET = 8.0;
				MTL_ENABLE_DEBUG_INFO = NO;
				SDKROOT = iphoneos;
				VALIDATE_PRODUCT = YES;
			};
			name = Release;
		};
		1811CD9519D37C0B00251984 /* Debug */ = {
			isa = XCBuildConfiguration;
			buildSettings = {
				ASSETCATALOG_COMPILER_APPICON_NAME = "AppIcon-1";
				ASSETCATALOG_COMPILER_LAUNCHIMAGE_NAME = "LaunchImage-2";
				INFOPLIST_FILE = MyShakeDemo0924/Info.plist;
				IPHONEOS_DEPLOYMENT_TARGET = 7.0;
				LD_RUNPATH_SEARCH_PATHS = "$(inherited) @executable_path/Frameworks";
				PRODUCT_NAME = MeSeeGe;
			};
			name = Debug;
		};
		1811CD9619D37C0B00251984 /* Release */ = {
			isa = XCBuildConfiguration;
			buildSettings = {
				ASSETCATALOG_COMPILER_APPICON_NAME = "AppIcon-1";
				ASSETCATALOG_COMPILER_LAUNCHIMAGE_NAME = "LaunchImage-2";
				INFOPLIST_FILE = MyShakeDemo0924/Info.plist;
				IPHONEOS_DEPLOYMENT_TARGET = 7.0;
				LD_RUNPATH_SEARCH_PATHS = "$(inherited) @executable_path/Frameworks";
				PRODUCT_NAME = MeSeeGe;
			};
			name = Release;
		};
		1811CD9819D37C0B00251984 /* Debug */ = {
			isa = XCBuildConfiguration;
			buildSettings = {
				BUNDLE_LOADER = "$(TEST_HOST)";
				FRAMEWORK_SEARCH_PATHS = (
					"$(SDKROOT)/Developer/Library/Frameworks",
					"$(inherited)",
				);
				GCC_PREPROCESSOR_DEFINITIONS = (
					"DEBUG=1",
					"$(inherited)",
				);
				INFOPLIST_FILE = MyShakeDemo0924Tests/Info.plist;
				LD_RUNPATH_SEARCH_PATHS = "$(inherited) @executable_path/Frameworks @loader_path/Frameworks";
				PRODUCT_NAME = "$(TARGET_NAME)";
				TEST_HOST = "$(BUILT_PRODUCTS_DIR)/MyShakeDemo0924.app/MyShakeDemo0924";
			};
			name = Debug;
		};
		1811CD9919D37C0B00251984 /* Release */ = {
			isa = XCBuildConfiguration;
			buildSettings = {
				BUNDLE_LOADER = "$(TEST_HOST)";
				FRAMEWORK_SEARCH_PATHS = (
					"$(SDKROOT)/Developer/Library/Frameworks",
					"$(inherited)",
				);
				INFOPLIST_FILE = MyShakeDemo0924Tests/Info.plist;
				LD_RUNPATH_SEARCH_PATHS = "$(inherited) @executable_path/Frameworks @loader_path/Frameworks";
				PRODUCT_NAME = "$(TARGET_NAME)";
				TEST_HOST = "$(BUILT_PRODUCTS_DIR)/MyShakeDemo0924.app/MyShakeDemo0924";
			};
			name = Release;
		};
/* End XCBuildConfiguration section */

/* Begin XCConfigurationList section */
		1811CD6C19D37C0B00251984 /* Build configuration list for PBXProject "MeSeeGe" */ = {
			isa = XCConfigurationList;
			buildConfigurations = (
				1811CD9219D37C0B00251984 /* Debug */,
				1811CD9319D37C0B00251984 /* Release */,
			);
			defaultConfigurationIsVisible = 0;
			defaultConfigurationName = Release;
		};
		1811CD9419D37C0B00251984 /* Build configuration list for PBXNativeTarget "MyShakeDemo0924" */ = {
			isa = XCConfigurationList;
			buildConfigurations = (
				1811CD9519D37C0B00251984 /* Debug */,
				1811CD9619D37C0B00251984 /* Release */,
			);
			defaultConfigurationIsVisible = 0;
			defaultConfigurationName = Release;
		};
		1811CD9719D37C0B00251984 /* Build configuration list for PBXNativeTarget "MyShakeDemo0924Tests" */ = {
			isa = XCConfigurationList;
			buildConfigurations = (
				1811CD9819D37C0B00251984 /* Debug */,
				1811CD9919D37C0B00251984 /* Release */,
			);
			defaultConfigurationIsVisible = 0;
			defaultConfigurationName = Release;
		};
/* End XCConfigurationList section */
	};
	rootObject = 1811CD6919D37C0B00251984 /* Project object */;
}
